
Microsoft Visual Studio Solution File, Format Version 12.00
# Visual Studio Version 16
VisualStudioVersion = 16.0.31424.327
MinimumVisualStudioVersion = 10.0.40219.1
Project("{FAE04EC0-301F-11D3-BF4B-00C04F79EFBC}") = "Attributes", "Attributes\Attributes.csproj", "{AB87F4CA-6520-4FFF-8652-4737768BEDA2}"
EndProject
Global
	GlobalSection(SolutionConfigurationPlatforms) = preSolution
		Debug|Any CPU = Debug|Any CPU
		Release|Any CPU = Release|Any CPU
	EndGlobalSection
	GlobalSection(ProjectConfigurationPlatforms) = postSolution
		{AB87F4CA-6520-4FFF-8652-4737768BEDA2}.Debug|Any CPU.ActiveCfg = Debug|Any CPU
		{AB87F4CA-6520-4FFF-8652-4737768BEDA2}.Debug|Any CPU.Build.0 = Debug|Any CPU
		{AB87F4CA-6520-4FFF-8652-4737768BEDA2}.Release|Any CPU.ActiveCfg = Release|Any CPU
		{AB87F4CA-6520-4FFF-8652-4737768BEDA2}.Release|Any CPU.Build.0 = Release|Any CPU
	EndGlobalSection
	GlobalSection(SolutionProperties) = preSolution
		HideSolutionNode = FALSE
	EndGlobalSection
	GlobalSection(ExtensibilityGlobals) = postSolution
		SolutionGuid = {28200583-51D4-4FE7-9EBF-98D5CC172674}
	EndGlobalSection
EndGlobal
