
Microsoft Visual Studio Solution File, Format Version 12.00
# Visual Studio Version 16
VisualStudioVersion = 16.0.30011.22
MinimumVisualStudioVersion = 10.0.40219.1
Project("{FAE04EC0-301F-11D3-BF4B-00C04F79EFBC}") = "Dictionary", "Dictionary\Dictionary.csproj", "{887A3735-A196-4EA8-8A54-95A1E3B246FA}"
EndProject
Global
	GlobalSection(SolutionConfigurationPlatforms) = preSolution
		Debug|Any CPU = Debug|Any CPU
		Release|Any CPU = Release|Any CPU
	EndGlobalSection
	GlobalSection(ProjectConfigurationPlatforms) = postSolution
		{887A3735-A196-4EA8-8A54-95A1E3B246FA}.Debug|Any CPU.ActiveCfg = Debug|Any CPU
		{887A3735-A196-4EA8-8A54-95A1E3B246FA}.Debug|Any CPU.Build.0 = Debug|Any CPU
		{887A3735-A196-4EA8-8A54-95A1E3B246FA}.Release|Any CPU.ActiveCfg = Release|Any CPU
		{887A3735-A196-4EA8-8A54-95A1E3B246FA}.Release|Any CPU.Build.0 = Release|Any CPU
	EndGlobalSection
	GlobalSection(SolutionProperties) = preSolution
		HideSolutionNode = FALSE
	EndGlobalSection
	GlobalSection(ExtensibilityGlobals) = postSolution
		SolutionGuid = {F4739FBF-18B1-47A6-B37F-3468D13A603C}
	EndGlobalSection
EndGlobal
