
Microsoft Visual Studio Solution File, Format Version 12.00
# Visual Studio Version 16
VisualStudioVersion = 16.0.30011.22
MinimumVisualStudioVersion = 10.0.40219.1
Project("{FAE04EC0-301F-11D3-BF4B-00C04F79EFBC}") = "RecapDemo1", "RecapDemo1\RecapDemo1.csproj", "{57EFF012-46D3-4A35-8748-699E2E8CF47A}"
EndProject
Global
	GlobalSection(SolutionConfigurationPlatforms) = preSolution
		Debug|Any CPU = Debug|Any CPU
		Release|Any CPU = Release|Any CPU
	EndGlobalSection
	GlobalSection(ProjectConfigurationPlatforms) = postSolution
		{57EFF012-46D3-4A35-8748-699E2E8CF47A}.Debug|Any CPU.ActiveCfg = Debug|Any CPU
		{57EFF012-46D3-4A35-8748-699E2E8CF47A}.Debug|Any CPU.Build.0 = Debug|Any CPU
		{57EFF012-46D3-4A35-8748-699E2E8CF47A}.Release|Any CPU.ActiveCfg = Release|Any CPU
		{57EFF012-46D3-4A35-8748-699E2E8CF47A}.Release|Any CPU.Build.0 = Release|Any CPU
	EndGlobalSection
	GlobalSection(SolutionProperties) = preSolution
		HideSolutionNode = FALSE
	EndGlobalSection
	GlobalSection(ExtensibilityGlobals) = postSolution
		SolutionGuid = {B57CBB77-5790-4BDF-AC86-CCFCB49FA961}
	EndGlobalSection
EndGlobal
