
Microsoft Visual Studio Solution File, Format Version 12.00
# Visual Studio Version 16
VisualStudioVersion = 16.0.30011.22
MinimumVisualStudioVersion = 10.0.40219.1
Project("{FAE04EC0-301F-11D3-BF4B-00C04F79EFBC}") = "Classes", "Classes\Classes.csproj", "{B4AE2087-23F8-4415-B662-2F24B8B177FF}"
EndProject
Global
	GlobalSection(SolutionConfigurationPlatforms) = preSolution
		Debug|Any CPU = Debug|Any CPU
		Release|Any CPU = Release|Any CPU
	EndGlobalSection
	GlobalSection(ProjectConfigurationPlatforms) = postSolution
		{B4AE2087-23F8-4415-B662-2F24B8B177FF}.Debug|Any CPU.ActiveCfg = Debug|Any CPU
		{B4AE2087-23F8-4415-B662-2F24B8B177FF}.Debug|Any CPU.Build.0 = Debug|Any CPU
		{B4AE2087-23F8-4415-B662-2F24B8B177FF}.Release|Any CPU.ActiveCfg = Release|Any CPU
		{B4AE2087-23F8-4415-B662-2F24B8B177FF}.Release|Any CPU.Build.0 = Release|Any CPU
	EndGlobalSection
	GlobalSection(SolutionProperties) = preSolution
		HideSolutionNode = FALSE
	EndGlobalSection
	GlobalSection(ExtensibilityGlobals) = postSolution
		SolutionGuid = {DA7A6F62-F2E3-42C6-8539-40C6E7A6F455}
	EndGlobalSection
EndGlobal
